
Microsoft Visual Studio Solution File, Format Version 12.00
# Visual Studio 15
VisualStudioVersion = 15.0.28307.329
MinimumVisualStudioVersion = 10.0.40219.1
Project("{9A19103F-16F7-4668-BE54-9A1E7A4F7556}") = "SFA.DAS.ProviderCommitments.Web", "SFA.DAS.ProviderCommitments.Web\SFA.DAS.ProviderCommitments.Web.csproj", "{EFB01A4E-6D2C-4E5F-A5A6-223DA0E8788D}"
EndProject
Project("{2150E333-8FDC-42A3-9474-1A3956D46DE8}") = "Tests", "Tests", "{06CFA98C-E19F-4891-8F87-0D08320DCE2F}"
EndProject
Project("{9A19103F-16F7-4668-BE54-9A1E7A4F7556}") = "SFA.DAS.ProviderCommitments", "SFA.DAS.ProviderCommitments\SFA.DAS.ProviderCommitments.csproj", "{A9681024-4F96-4C54-88EA-A4D7D4447915}"
EndProject
Project("{9A19103F-16F7-4668-BE54-9A1E7A4F7556}") = "SFA.DAS.ProviderCommitments.UnitTests", "SFA.DAS.ProviderCommitments.UnitTests\SFA.DAS.ProviderCommitments.UnitTests.csproj", "{0DA46020-5529-4113-BB53-F4102FBC516A}"
EndProject
Project("{9A19103F-16F7-4668-BE54-9A1E7A4F7556}") = "SFA.DAS.ProviderCommitments.Web.UnitTests", "SFA.DAS.ProviderCommitments.Web.UnitTests\SFA.DAS.ProviderCommitments.Web.UnitTests.csproj", "{BADDFA64-442A-48B7-9B49-A564221C1771}"
EndProject
Project("{9A19103F-16F7-4668-BE54-9A1E7A4F7556}") = "SFA.DAS.ProviderCommitments.IntegrationTests", "SFA.DAS.ProviderCommitments.IntegrationTests\SFA.DAS.ProviderCommitments.IntegrationTests.csproj", "{1DD86D29-50F7-4B95-A5BD-C76C24EDDF0B}"
EndProject
Project("{2150E333-8FDC-42A3-9474-1A3956D46DE8}") = "Shared", "Shared", "{237D344D-4C46-4B10-8014-887F32C7079B}"
EndProject
Project("{9A19103F-16F7-4668-BE54-9A1E7A4F7556}") = "SFA.DAS.Commitments.Shared", "SFA.DAS.Commitments.Shared\SFA.DAS.Commitments.Shared.csproj", "{F828BE0A-6B0A-49C4-9DCA-D4A53C217C15}"
EndProject
Global
	GlobalSection(SolutionConfigurationPlatforms) = preSolution
		Debug|Any CPU = Debug|Any CPU
		Release|Any CPU = Release|Any CPU
	EndGlobalSection
	GlobalSection(ProjectConfigurationPlatforms) = postSolution
		{EFB01A4E-6D2C-4E5F-A5A6-223DA0E8788D}.Debug|Any CPU.ActiveCfg = Debug|Any CPU
		{EFB01A4E-6D2C-4E5F-A5A6-223DA0E8788D}.Debug|Any CPU.Build.0 = Debug|Any CPU
		{EFB01A4E-6D2C-4E5F-A5A6-223DA0E8788D}.Release|Any CPU.ActiveCfg = Release|Any CPU
		{EFB01A4E-6D2C-4E5F-A5A6-223DA0E8788D}.Release|Any CPU.Build.0 = Release|Any CPU
		{A9681024-4F96-4C54-88EA-A4D7D4447915}.Debug|Any CPU.ActiveCfg = Debug|Any CPU
		{A9681024-4F96-4C54-88EA-A4D7D4447915}.Debug|Any CPU.Build.0 = Debug|Any CPU
		{A9681024-4F96-4C54-88EA-A4D7D4447915}.Release|Any CPU.ActiveCfg = Release|Any CPU
		{A9681024-4F96-4C54-88EA-A4D7D4447915}.Release|Any CPU.Build.0 = Release|Any CPU
		{0DA46020-5529-4113-BB53-F4102FBC516A}.Debug|Any CPU.ActiveCfg = Debug|Any CPU
		{0DA46020-5529-4113-BB53-F4102FBC516A}.Debug|Any CPU.Build.0 = Debug|Any CPU
		{0DA46020-5529-4113-BB53-F4102FBC516A}.Release|Any CPU.ActiveCfg = Release|Any CPU
		{0DA46020-5529-4113-BB53-F4102FBC516A}.Release|Any CPU.Build.0 = Release|Any CPU
		{BADDFA64-442A-48B7-9B49-A564221C1771}.Debug|Any CPU.ActiveCfg = Debug|Any CPU
		{BADDFA64-442A-48B7-9B49-A564221C1771}.Debug|Any CPU.Build.0 = Debug|Any CPU
		{BADDFA64-442A-48B7-9B49-A564221C1771}.Release|Any CPU.ActiveCfg = Release|Any CPU
		{BADDFA64-442A-48B7-9B49-A564221C1771}.Release|Any CPU.Build.0 = Release|Any CPU
		{1DD86D29-50F7-4B95-A5BD-C76C24EDDF0B}.Debug|Any CPU.ActiveCfg = Debug|Any CPU
		{1DD86D29-50F7-4B95-A5BD-C76C24EDDF0B}.Debug|Any CPU.Build.0 = Debug|Any CPU
		{1DD86D29-50F7-4B95-A5BD-C76C24EDDF0B}.Release|Any CPU.ActiveCfg = Release|Any CPU
		{1DD86D29-50F7-4B95-A5BD-C76C24EDDF0B}.Release|Any CPU.Build.0 = Release|Any CPU
		{F828BE0A-6B0A-49C4-9DCA-D4A53C217C15}.Debug|Any CPU.ActiveCfg = Debug|Any CPU
		{F828BE0A-6B0A-49C4-9DCA-D4A53C217C15}.Debug|Any CPU.Build.0 = Debug|Any CPU
		{F828BE0A-6B0A-49C4-9DCA-D4A53C217C15}.Release|Any CPU.ActiveCfg = Release|Any CPU
		{F828BE0A-6B0A-49C4-9DCA-D4A53C217C15}.Release|Any CPU.Build.0 = Release|Any CPU
	EndGlobalSection
	GlobalSection(SolutionProperties) = preSolution
		HideSolutionNode = FALSE
	EndGlobalSection
	GlobalSection(NestedProjects) = preSolution
		{0DA46020-5529-4113-BB53-F4102FBC516A} = {06CFA98C-E19F-4891-8F87-0D08320DCE2F}
		{BADDFA64-442A-48B7-9B49-A564221C1771} = {06CFA98C-E19F-4891-8F87-0D08320DCE2F}
		{1DD86D29-50F7-4B95-A5BD-C76C24EDDF0B} = {06CFA98C-E19F-4891-8F87-0D08320DCE2F}
		{F828BE0A-6B0A-49C4-9DCA-D4A53C217C15} = {237D344D-4C46-4B10-8014-887F32C7079B}
	EndGlobalSection
	GlobalSection(ExtensibilityGlobals) = postSolution
		SolutionGuid = {3A9252CA-9F94-4D6C-8B47-22FC25C7030A}
	EndGlobalSection
EndGlobal
